
Microsoft Visual Studio Solution File, Format Version 12.00
# Visual Studio Version 17
VisualStudioVersion = 17.13.35919.96
MinimumVisualStudioVersion = 10.0.40219.1
Project("{FAE04EC0-301F-11D3-BF4B-00C04F79EFBC}") = "TMW2Play.Api", "TMW2Play.Api\TMW2Play.Api.csproj", "{D419DFB9-3D94-4F79-BCDC-6D7594D1EDE7}"
EndProject
Project("{FAE04EC0-301F-11D3-BF4B-00C04F79EFBC}") = "TMW2Play.Infra", "TMW2Play.Infra\TMW2Play.Infra.csproj", "{A8CA3D6B-DF38-4A5C-B626-7C4772FFAADA}"
EndProject
Project("{FAE04EC0-301F-11D3-BF4B-00C04F79EFBC}") = "TMW2Play.Domain", "TMW2Play.Domain\TMW2Play.Domain.csproj", "{D475D38A-DAB0-4191-9BF6-6D7C678510C0}"
EndProject
Project("{FAE04EC0-301F-11D3-BF4B-00C04F79EFBC}") = "TMW2Play.Service", "TMW2Play.Service\TMW2Play.Service.csproj", "{117C6883-6128-4067-8CF7-FB5A3424F4AB}"
EndProject
Global
	GlobalSection(SolutionConfigurationPlatforms) = preSolution
		Debug|Any CPU = Debug|Any CPU
		Release|Any CPU = Release|Any CPU
	EndGlobalSection
	GlobalSection(ProjectConfigurationPlatforms) = postSolution
		{D419DFB9-3D94-4F79-BCDC-6D7594D1EDE7}.Debug|Any CPU.ActiveCfg = Debug|Any CPU
		{D419DFB9-3D94-4F79-BCDC-6D7594D1EDE7}.Debug|Any CPU.Build.0 = Debug|Any CPU
		{D419DFB9-3D94-4F79-BCDC-6D7594D1EDE7}.Release|Any CPU.ActiveCfg = Release|Any CPU
		{D419DFB9-3D94-4F79-BCDC-6D7594D1EDE7}.Release|Any CPU.Build.0 = Release|Any CPU
		{A8CA3D6B-DF38-4A5C-B626-7C4772FFAADA}.Debug|Any CPU.ActiveCfg = Debug|Any CPU
		{A8CA3D6B-DF38-4A5C-B626-7C4772FFAADA}.Debug|Any CPU.Build.0 = Debug|Any CPU
		{A8CA3D6B-DF38-4A5C-B626-7C4772FFAADA}.Release|Any CPU.ActiveCfg = Release|Any CPU
		{A8CA3D6B-DF38-4A5C-B626-7C4772FFAADA}.Release|Any CPU.Build.0 = Release|Any CPU
		{D475D38A-DAB0-4191-9BF6-6D7C678510C0}.Debug|Any CPU.ActiveCfg = Debug|Any CPU
		{D475D38A-DAB0-4191-9BF6-6D7C678510C0}.Debug|Any CPU.Build.0 = Debug|Any CPU
		{D475D38A-DAB0-4191-9BF6-6D7C678510C0}.Release|Any CPU.ActiveCfg = Release|Any CPU
		{D475D38A-DAB0-4191-9BF6-6D7C678510C0}.Release|Any CPU.Build.0 = Release|Any CPU
		{117C6883-6128-4067-8CF7-FB5A3424F4AB}.Debug|Any CPU.ActiveCfg = Debug|Any CPU
		{117C6883-6128-4067-8CF7-FB5A3424F4AB}.Debug|Any CPU.Build.0 = Debug|Any CPU
		{117C6883-6128-4067-8CF7-FB5A3424F4AB}.Release|Any CPU.ActiveCfg = Release|Any CPU
		{117C6883-6128-4067-8CF7-FB5A3424F4AB}.Release|Any CPU.Build.0 = Release|Any CPU
	EndGlobalSection
	GlobalSection(SolutionProperties) = preSolution
		HideSolutionNode = FALSE
	EndGlobalSection
	GlobalSection(ExtensibilityGlobals) = postSolution
		SolutionGuid = {917266BA-5486-4A17-A4FB-2FEB2C03D348}
	EndGlobalSection
EndGlobal
